
Microsoft Visual Studio Solution File, Format Version 12.00
# Visual Studio Version 16
VisualStudioVersion = 16.0.31320.298
MinimumVisualStudioVersion = 10.0.40219.1
Project("{FAE04EC0-301F-11D3-BF4B-00C04F79EFBC}") = "PinUnitTests", "PinUnitTests\PinUnitTests.csproj", "{79F29164-6124-40CF-9543-4F742F743E8A}"
EndProject
Global
	GlobalSection(SolutionConfigurationPlatforms) = preSolution
		Debug|Any CPU = Debug|Any CPU
		Release|Any CPU = Release|Any CPU
	EndGlobalSection
	GlobalSection(ProjectConfigurationPlatforms) = postSolution
		{79F29164-6124-40CF-9543-4F742F743E8A}.Debug|Any CPU.ActiveCfg = Debug|Any CPU
		{79F29164-6124-40CF-9543-4F742F743E8A}.Debug|Any CPU.Build.0 = Debug|Any CPU
		{79F29164-6124-40CF-9543-4F742F743E8A}.Release|Any CPU.ActiveCfg = Release|Any CPU
		{79F29164-6124-40CF-9543-4F742F743E8A}.Release|Any CPU.Build.0 = Release|Any CPU
	EndGlobalSection
	GlobalSection(SolutionProperties) = preSolution
		HideSolutionNode = FALSE
	EndGlobalSection
	GlobalSection(ExtensibilityGlobals) = postSolution
		SolutionGuid = {78570336-A23A-4AFE-BD2D-0A2512D06CCE}
	EndGlobalSection
EndGlobal
